
Microsoft Visual Studio Solution File, Format Version 12.00
# Visual Studio Version 16
VisualStudioVersion = 16.0.31702.278
MinimumVisualStudioVersion = 10.0.40219.1
Project("{F184B08F-C81C-45F6-A57F-5ABD9991F28F}") = "Khor_DDT5D_Lab18", "Khor_DDT5D_Lab18.vbproj", "{0D73D9CF-2C08-49C3-BFC8-01C18A247526}"
EndProject
Global
	GlobalSection(SolutionConfigurationPlatforms) = preSolution
		Debug|Any CPU = Debug|Any CPU
		Release|Any CPU = Release|Any CPU
	EndGlobalSection
	GlobalSection(ProjectConfigurationPlatforms) = postSolution
		{0D73D9CF-2C08-49C3-BFC8-01C18A247526}.Debug|Any CPU.ActiveCfg = Debug|Any CPU
		{0D73D9CF-2C08-49C3-BFC8-01C18A247526}.Debug|Any CPU.Build.0 = Debug|Any CPU
		{0D73D9CF-2C08-49C3-BFC8-01C18A247526}.Release|Any CPU.ActiveCfg = Release|Any CPU
		{0D73D9CF-2C08-49C3-BFC8-01C18A247526}.Release|Any CPU.Build.0 = Release|Any CPU
	EndGlobalSection
	GlobalSection(SolutionProperties) = preSolution
		HideSolutionNode = FALSE
	EndGlobalSection
	GlobalSection(ExtensibilityGlobals) = postSolution
		SolutionGuid = {93307F4F-931F-4108-BA5A-5D21EB61B420}
	EndGlobalSection
EndGlobal
