
Microsoft Visual Studio Solution File, Format Version 12.00
# Visual Studio Version 16
VisualStudioVersion = 16.0.31702.278
MinimumVisualStudioVersion = 10.0.40219.1
Project("{F184B08F-C81C-45F6-A57F-5ABD9991F28F}") = "Khor_DDT5D_Lab12", "Khor_DDT5D_Lab12.vbproj", "{6C6BEF4C-4275-4EA6-835D-FA0796E983DC}"
EndProject
Global
	GlobalSection(SolutionConfigurationPlatforms) = preSolution
		Debug|Any CPU = Debug|Any CPU
		Release|Any CPU = Release|Any CPU
	EndGlobalSection
	GlobalSection(ProjectConfigurationPlatforms) = postSolution
		{6C6BEF4C-4275-4EA6-835D-FA0796E983DC}.Debug|Any CPU.ActiveCfg = Debug|Any CPU
		{6C6BEF4C-4275-4EA6-835D-FA0796E983DC}.Debug|Any CPU.Build.0 = Debug|Any CPU
		{6C6BEF4C-4275-4EA6-835D-FA0796E983DC}.Release|Any CPU.ActiveCfg = Release|Any CPU
		{6C6BEF4C-4275-4EA6-835D-FA0796E983DC}.Release|Any CPU.Build.0 = Release|Any CPU
	EndGlobalSection
	GlobalSection(SolutionProperties) = preSolution
		HideSolutionNode = FALSE
	EndGlobalSection
	GlobalSection(ExtensibilityGlobals) = postSolution
		SolutionGuid = {AD702651-9504-458F-BB3A-11F4FE593E8D}
	EndGlobalSection
EndGlobal
