
Microsoft Visual Studio Solution File, Format Version 12.00
# Visual Studio Version 16
VisualStudioVersion = 16.0.31702.278
MinimumVisualStudioVersion = 10.0.40219.1
Project("{F184B08F-C81C-45F6-A57F-5ABD9991F28F}") = "Khor_DDT5D_Lab12B", "Khor_DDT5D_Lab12B.vbproj", "{B8DD8F49-97EA-49A1-93E1-C5353EB2CFE3}"
EndProject
Global
	GlobalSection(SolutionConfigurationPlatforms) = preSolution
		Debug|Any CPU = Debug|Any CPU
		Release|Any CPU = Release|Any CPU
	EndGlobalSection
	GlobalSection(ProjectConfigurationPlatforms) = postSolution
		{B8DD8F49-97EA-49A1-93E1-C5353EB2CFE3}.Debug|Any CPU.ActiveCfg = Debug|Any CPU
		{B8DD8F49-97EA-49A1-93E1-C5353EB2CFE3}.Debug|Any CPU.Build.0 = Debug|Any CPU
		{B8DD8F49-97EA-49A1-93E1-C5353EB2CFE3}.Release|Any CPU.ActiveCfg = Release|Any CPU
		{B8DD8F49-97EA-49A1-93E1-C5353EB2CFE3}.Release|Any CPU.Build.0 = Release|Any CPU
	EndGlobalSection
	GlobalSection(SolutionProperties) = preSolution
		HideSolutionNode = FALSE
	EndGlobalSection
	GlobalSection(ExtensibilityGlobals) = postSolution
		SolutionGuid = {FACB3365-711B-4AE7-AF35-32E7845AD294}
	EndGlobalSection
EndGlobal
