
Microsoft Visual Studio Solution File, Format Version 12.00
# Visual Studio Version 16
VisualStudioVersion = 16.0.31702.278
MinimumVisualStudioVersion = 10.0.40219.1
Project("{F184B08F-C81C-45F6-A57F-5ABD9991F28F}") = "Khor_Lab2a", "Khor_Lab2a\Khor_Lab2a.vbproj", "{B9C902FF-599F-444F-A685-CDD41AE64224}"
EndProject
Global
	GlobalSection(SolutionConfigurationPlatforms) = preSolution
		Debug|Any CPU = Debug|Any CPU
		Release|Any CPU = Release|Any CPU
	EndGlobalSection
	GlobalSection(ProjectConfigurationPlatforms) = postSolution
		{B9C902FF-599F-444F-A685-CDD41AE64224}.Debug|Any CPU.ActiveCfg = Debug|Any CPU
		{B9C902FF-599F-444F-A685-CDD41AE64224}.Debug|Any CPU.Build.0 = Debug|Any CPU
		{B9C902FF-599F-444F-A685-CDD41AE64224}.Release|Any CPU.ActiveCfg = Release|Any CPU
		{B9C902FF-599F-444F-A685-CDD41AE64224}.Release|Any CPU.Build.0 = Release|Any CPU
	EndGlobalSection
	GlobalSection(SolutionProperties) = preSolution
		HideSolutionNode = FALSE
	EndGlobalSection
	GlobalSection(ExtensibilityGlobals) = postSolution
		SolutionGuid = {3F1432AF-ECC9-4377-BE28-3C0706C72025}
	EndGlobalSection
EndGlobal
