
Microsoft Visual Studio Solution File, Format Version 12.00
# Visual Studio Version 16
VisualStudioVersion = 16.0.31702.278
MinimumVisualStudioVersion = 10.0.40219.1
Project("{F184B08F-C81C-45F6-A57F-5ABD9991F28F}") = "Khor_DDT5D_Lab16", "Khor_DDT5D_Lab16.vbproj", "{197B5136-6A85-454C-9684-9386AA9684AB}"
EndProject
Global
	GlobalSection(SolutionConfigurationPlatforms) = preSolution
		Debug|Any CPU = Debug|Any CPU
		Release|Any CPU = Release|Any CPU
	EndGlobalSection
	GlobalSection(ProjectConfigurationPlatforms) = postSolution
		{197B5136-6A85-454C-9684-9386AA9684AB}.Debug|Any CPU.ActiveCfg = Debug|Any CPU
		{197B5136-6A85-454C-9684-9386AA9684AB}.Debug|Any CPU.Build.0 = Debug|Any CPU
		{197B5136-6A85-454C-9684-9386AA9684AB}.Release|Any CPU.ActiveCfg = Release|Any CPU
		{197B5136-6A85-454C-9684-9386AA9684AB}.Release|Any CPU.Build.0 = Release|Any CPU
	EndGlobalSection
	GlobalSection(SolutionProperties) = preSolution
		HideSolutionNode = FALSE
	EndGlobalSection
	GlobalSection(ExtensibilityGlobals) = postSolution
		SolutionGuid = {89B4BA78-9E29-4FA7-A563-7F34AADBB2EB}
	EndGlobalSection
EndGlobal
