
Microsoft Visual Studio Solution File, Format Version 12.00
# Visual Studio Version 16
VisualStudioVersion = 16.0.31702.278
MinimumVisualStudioVersion = 10.0.40219.1
Project("{F184B08F-C81C-45F6-A57F-5ABD9991F28F}") = "Khor_03DDT19F1118_LT2", "Khor_03DDT19F1118_LT2.vbproj", "{47AFE9CB-2328-48E7-A178-962DE9AFA548}"
EndProject
Global
	GlobalSection(SolutionConfigurationPlatforms) = preSolution
		Debug|Any CPU = Debug|Any CPU
		Release|Any CPU = Release|Any CPU
	EndGlobalSection
	GlobalSection(ProjectConfigurationPlatforms) = postSolution
		{47AFE9CB-2328-48E7-A178-962DE9AFA548}.Debug|Any CPU.ActiveCfg = Debug|Any CPU
		{47AFE9CB-2328-48E7-A178-962DE9AFA548}.Debug|Any CPU.Build.0 = Debug|Any CPU
		{47AFE9CB-2328-48E7-A178-962DE9AFA548}.Release|Any CPU.ActiveCfg = Release|Any CPU
		{47AFE9CB-2328-48E7-A178-962DE9AFA548}.Release|Any CPU.Build.0 = Release|Any CPU
	EndGlobalSection
	GlobalSection(SolutionProperties) = preSolution
		HideSolutionNode = FALSE
	EndGlobalSection
	GlobalSection(ExtensibilityGlobals) = postSolution
		SolutionGuid = {20FBD8AD-277D-4A5A-B78E-346B51936C4C}
	EndGlobalSection
EndGlobal
